# THIS IS AN AUTOGENERATED FILE. DO NOT EDIT THIS FILE DIRECTLY.
# yarn lockfile v1


react-native-picture-in-picture@^0.0.1:
  version "0.0.1"
  resolved "https://registry.yarnpkg.com/react-native-picture-in-picture/-/react-native-picture-in-picture-0.0.1.tgz#6943682ca2fbd172339937368af3d07524db0803"
  integrity sha512-vjAbIIVNXKTempFTZw95yfZklfE07j1XJviCU6q+H5d03LYWgAIn5f3KR2cvitXTRO1wmeNpiB66QQZNjzICMw==
